
Microsoft Visual Studio Solution File, Format Version 12.00
# Visual Studio Version 17
VisualStudioVersion = 17.8.34408.163
MinimumVisualStudioVersion = 10.0.40219.1
Project("{9A19103F-16F7-4668-BE54-9A1E7A4F7556}") = "BulkyWeb", "BulkyWeb.csproj", "{C42B9573-42A0-4877-BA35-68C232E7DB01}"
EndProject
Project("{FAE04EC0-301F-11D3-BF4B-00C04F79EFBC}") = "Bulky.DataAccess", "..\Bulky.DataAccess\Bulky.DataAccess.csproj", "{8F826B3A-A20F-4D1B-BA76-B7B112F07817}"
EndProject
Project("{FAE04EC0-301F-11D3-BF4B-00C04F79EFBC}") = "Bulky.Models", "..\Bulky.Models\Bulky.Models.csproj", "{89E14F0E-8B64-4815-91DC-4AC76029A986}"
EndProject
Project("{FAE04EC0-301F-11D3-BF4B-00C04F79EFBC}") = "Bulky.Utility", "..\Bulky.Utility\Bulky.Utility.csproj", "{4615B130-81F7-4518-996B-A7996F446A23}"
EndProject
Global
	GlobalSection(SolutionConfigurationPlatforms) = preSolution
		Debug|Any CPU = Debug|Any CPU
		Release|Any CPU = Release|Any CPU
	EndGlobalSection
	GlobalSection(ProjectConfigurationPlatforms) = postSolution
		{C42B9573-42A0-4877-BA35-68C232E7DB01}.Debug|Any CPU.ActiveCfg = Debug|Any CPU
		{C42B9573-42A0-4877-BA35-68C232E7DB01}.Debug|Any CPU.Build.0 = Debug|Any CPU
		{C42B9573-42A0-4877-BA35-68C232E7DB01}.Release|Any CPU.ActiveCfg = Release|Any CPU
		{C42B9573-42A0-4877-BA35-68C232E7DB01}.Release|Any CPU.Build.0 = Release|Any CPU
		{8F826B3A-A20F-4D1B-BA76-B7B112F07817}.Debug|Any CPU.ActiveCfg = Debug|Any CPU
		{8F826B3A-A20F-4D1B-BA76-B7B112F07817}.Debug|Any CPU.Build.0 = Debug|Any CPU
		{8F826B3A-A20F-4D1B-BA76-B7B112F07817}.Release|Any CPU.ActiveCfg = Release|Any CPU
		{8F826B3A-A20F-4D1B-BA76-B7B112F07817}.Release|Any CPU.Build.0 = Release|Any CPU
		{89E14F0E-8B64-4815-91DC-4AC76029A986}.Debug|Any CPU.ActiveCfg = Debug|Any CPU
		{89E14F0E-8B64-4815-91DC-4AC76029A986}.Debug|Any CPU.Build.0 = Debug|Any CPU
		{89E14F0E-8B64-4815-91DC-4AC76029A986}.Release|Any CPU.ActiveCfg = Release|Any CPU
		{89E14F0E-8B64-4815-91DC-4AC76029A986}.Release|Any CPU.Build.0 = Release|Any CPU
		{4615B130-81F7-4518-996B-A7996F446A23}.Debug|Any CPU.ActiveCfg = Debug|Any CPU
		{4615B130-81F7-4518-996B-A7996F446A23}.Debug|Any CPU.Build.0 = Debug|Any CPU
		{4615B130-81F7-4518-996B-A7996F446A23}.Release|Any CPU.ActiveCfg = Release|Any CPU
		{4615B130-81F7-4518-996B-A7996F446A23}.Release|Any CPU.Build.0 = Release|Any CPU
	EndGlobalSection
	GlobalSection(SolutionProperties) = preSolution
		HideSolutionNode = FALSE
	EndGlobalSection
	GlobalSection(ExtensibilityGlobals) = postSolution
		SolutionGuid = {B6FA3B96-94B6-4ECF-A163-5BBE80C89ACC}
	EndGlobalSection
EndGlobal
